// !$*UTF8*$!
{
	archiveVersion = 1;
	classes = {
	};
	objectVersion = 46;
	objects = {

/* Begin PBXBuildFile section */
		7702F8851E0560D700A65939 /* TokenTests.swift in Sources */ = {isa = PBXBuildFile; fileRef = 7702F8841E0560D700A65939 /* TokenTests.swift */; };
		7702F88A1E07035A00A65939 /* ValueTypesTests.swift in Sources */ = {isa = PBXBuildFile; fileRef = 7702F8891E07035A00A65939 /* ValueTypesTests.swift */; };
		7702F88C1E07504300A65939 /* StringUtilsTests.swift in Sources */ = {isa = PBXBuildFile; fileRef = 7702F88B1E07504300A65939 /* StringUtilsTests.swift */; };
		77174F9D1E0D772600B8FF56 /* Result.swift in Sources */ = {isa = PBXBuildFile; fileRef = 77174F9C1E0D772600B8FF56 /* Result.swift */; };
		77174F9E1E0D772600B8FF56 /* Result.swift in Sources */ = {isa = PBXBuildFile; fileRef = 77174F9C1E0D772600B8FF56 /* Result.swift */; };
		772298641E0D307000707204 /* DateMappers.swift in Sources */ = {isa = PBXBuildFile; fileRef = 772298631E0D307000707204 /* DateMappers.swift */; };
		772298651E0D307000707204 /* DateMappers.swift in Sources */ = {isa = PBXBuildFile; fileRef = 772298631E0D307000707204 /* DateMappers.swift */; };
		772298671E0D308A00707204 /* DateMappersTests.swift in Sources */ = {isa = PBXBuildFile; fileRef = 772298661E0D308A00707204 /* DateMappersTests.swift */; };
		7722986B1E0D3E7500707204 /* ValueMapper.swift in Sources */ = {isa = PBXBuildFile; fileRef = 7722986A1E0D3E7500707204 /* ValueMapper.swift */; };
		7722986C1E0D3E7500707204 /* ValueMapper.swift in Sources */ = {isa = PBXBuildFile; fileRef = 7722986A1E0D3E7500707204 /* ValueMapper.swift */; };
		7722986E1E0D3ED600707204 /* ValueMapperTests.swift in Sources */ = {isa = PBXBuildFile; fileRef = 7722986D1E0D3ED600707204 /* ValueMapperTests.swift */; };
		772298701E0D3F3D00707204 /* BasicMappers.swift in Sources */ = {isa = PBXBuildFile; fileRef = 7722986F1E0D3F3D00707204 /* BasicMappers.swift */; };
		772298711E0D3F3D00707204 /* BasicMappers.swift in Sources */ = {isa = PBXBuildFile; fileRef = 7722986F1E0D3F3D00707204 /* BasicMappers.swift */; };
		772298731E0D3F7500707204 /* BasicMappersTests.swift in Sources */ = {isa = PBXBuildFile; fileRef = 772298721E0D3F7500707204 /* BasicMappersTests.swift */; };
		772298751E0D527300707204 /* DurationMapper.swift in Sources */ = {isa = PBXBuildFile; fileRef = 772298741E0D527300707204 /* DurationMapper.swift */; };
		772298761E0D527300707204 /* DurationMapper.swift in Sources */ = {isa = PBXBuildFile; fileRef = 772298741E0D527300707204 /* DurationMapper.swift */; };
		772298781E0D52A800707204 /* DurationMapperTests.swift in Sources */ = {isa = PBXBuildFile; fileRef = 772298771E0D52A800707204 /* DurationMapperTests.swift */; };
		7722987A1E0D54C500707204 /* DurationLexer.swift in Sources */ = {isa = PBXBuildFile; fileRef = 772298791E0D54C500707204 /* DurationLexer.swift */; };
		7722987B1E0D54C500707204 /* DurationLexer.swift in Sources */ = {isa = PBXBuildFile; fileRef = 772298791E0D54C500707204 /* DurationLexer.swift */; };
		7722987D1E0D54DB00707204 /* DurationLexerTests.swift in Sources */ = {isa = PBXBuildFile; fileRef = 7722987C1E0D54DB00707204 /* DurationLexerTests.swift */; };
		773880E31DEB0FFB00746CC8 /* ScanningIteratorTests.swift in Sources */ = {isa = PBXBuildFile; fileRef = 773880E21DEB0FFB00746CC8 /* ScanningIteratorTests.swift */; };
		773880E51DF415CA00746CC8 /* ASTGenerator.swift in Sources */ = {isa = PBXBuildFile; fileRef = 773880E41DF415CA00746CC8 /* ASTGenerator.swift */; };
		773880E61DF415CA00746CC8 /* ASTGenerator.swift in Sources */ = {isa = PBXBuildFile; fileRef = 773880E41DF415CA00746CC8 /* ASTGenerator.swift */; };
		773880E81DF415F900746CC8 /* ASTGeneratorTests.swift in Sources */ = {isa = PBXBuildFile; fileRef = 773880E71DF415F900746CC8 /* ASTGeneratorTests.swift */; };
		773880EA1DF4163D00746CC8 /* Rules.swift in Sources */ = {isa = PBXBuildFile; fileRef = 773880E91DF4163D00746CC8 /* Rules.swift */; };
		773880EB1DF4163D00746CC8 /* Rules.swift in Sources */ = {isa = PBXBuildFile; fileRef = 773880E91DF4163D00746CC8 /* Rules.swift */; };
		773880ED1DF445DA00746CC8 /* RulesTests.swift in Sources */ = {isa = PBXBuildFile; fileRef = 773880EC1DF445DA00746CC8 /* RulesTests.swift */; };
		775558261DD7520900BA9027 /* iCalendarParser.framework in Frameworks */ = {isa = PBXBuildFile; fileRef = 7755581C1DD7520900BA9027 /* iCalendarParser.framework */; };
		7755582D1DD7520900BA9027 /* iCalendarParser.h in Headers */ = {isa = PBXBuildFile; fileRef = 7755581F1DD7520900BA9027 /* iCalendarParser.h */; settings = {ATTRIBUTES = (Public, ); }; };
		775558371DD7532500BA9027 /* Lexer.swift in Sources */ = {isa = PBXBuildFile; fileRef = 775558361DD7532500BA9027 /* Lexer.swift */; };
		775558381DD7532500BA9027 /* Lexer.swift in Sources */ = {isa = PBXBuildFile; fileRef = 775558361DD7532500BA9027 /* Lexer.swift */; };
		776F53321DFD3DD10011B55D /* ValueTypes.swift in Sources */ = {isa = PBXBuildFile; fileRef = 776F53311DFD3DD10011B55D /* ValueTypes.swift */; };
		776F53331DFD3DD10011B55D /* ValueTypes.swift in Sources */ = {isa = PBXBuildFile; fileRef = 776F53311DFD3DD10011B55D /* ValueTypes.swift */; };
		77791CA31DD884E4003FD445 /* LexerTests.swift in Sources */ = {isa = PBXBuildFile; fileRef = 77791CA21DD884E4003FD445 /* LexerTests.swift */; };
		778228F51E112B7A00B5C99C /* StringUtils.swift in Sources */ = {isa = PBXBuildFile; fileRef = 778228F41E112B7A00B5C99C /* StringUtils.swift */; };
		778228F61E112B7A00B5C99C /* StringUtils.swift in Sources */ = {isa = PBXBuildFile; fileRef = 778228F41E112B7A00B5C99C /* StringUtils.swift */; };
		778228F81E112B8400B5C99C /* Token.swift in Sources */ = {isa = PBXBuildFile; fileRef = 778228F71E112B8400B5C99C /* Token.swift */; };
		778228F91E112B8400B5C99C /* Token.swift in Sources */ = {isa = PBXBuildFile; fileRef = 778228F71E112B8400B5C99C /* Token.swift */; };
		778228FB1E112C9300B5C99C /* PeriodOfTimeMapper.swift in Sources */ = {isa = PBXBuildFile; fileRef = 778228FA1E112C9300B5C99C /* PeriodOfTimeMapper.swift */; };
		778228FC1E112C9300B5C99C /* PeriodOfTimeMapper.swift in Sources */ = {isa = PBXBuildFile; fileRef = 778228FA1E112C9300B5C99C /* PeriodOfTimeMapper.swift */; };
		778228FE1E112CAE00B5C99C /* PeriodOfTimeMapperTests.swift in Sources */ = {isa = PBXBuildFile; fileRef = 778228FD1E112CAE00B5C99C /* PeriodOfTimeMapperTests.swift */; };
		778229001E12703D00B5C99C /* DateUtils.swift in Sources */ = {isa = PBXBuildFile; fileRef = 778228FF1E12703D00B5C99C /* DateUtils.swift */; };
		778229011E12703D00B5C99C /* DateUtils.swift in Sources */ = {isa = PBXBuildFile; fileRef = 778228FF1E12703D00B5C99C /* DateUtils.swift */; };
		779EC7811E17E860005B58F1 /* AssertionHelpers.swift in Sources */ = {isa = PBXBuildFile; fileRef = 779EC7801E17E860005B58F1 /* AssertionHelpers.swift */; };
		779EC7831E17E943005B58F1 /* Parser.swift in Sources */ = {isa = PBXBuildFile; fileRef = 779EC7821E17E943005B58F1 /* Parser.swift */; };
		779EC7841E17E943005B58F1 /* Parser.swift in Sources */ = {isa = PBXBuildFile; fileRef = 779EC7821E17E943005B58F1 /* Parser.swift */; };
		779EC7881E17EE56005B58F1 /* SimpleTests.swift in Sources */ = {isa = PBXBuildFile; fileRef = 779EC7871E17EE56005B58F1 /* SimpleTests.swift */; };
		779EC7901E180A57005B58F1 /* simple.ics in Resources */ = {isa = PBXBuildFile; fileRef = 779EC78F1E180A57005B58F1 /* simple.ics */; };
		779EC7911E180A57005B58F1 /* simple.ics in Resources */ = {isa = PBXBuildFile; fileRef = 779EC78F1E180A57005B58F1 /* simple.ics */; };
		779EC7981E1907FB005B58F1 /* Node.swift in Sources */ = {isa = PBXBuildFile; fileRef = 779EC7971E1907FB005B58F1 /* Node.swift */; };
		779EC7991E1907FB005B58F1 /* Node.swift in Sources */ = {isa = PBXBuildFile; fileRef = 779EC7971E1907FB005B58F1 /* Node.swift */; };
		779EC79B1E194933005B58F1 /* FileReader.swift in Sources */ = {isa = PBXBuildFile; fileRef = 779EC79A1E194933005B58F1 /* FileReader.swift */; };
		779EC79E1E1956CE005B58F1 /* CalendarGenerator.swift in Sources */ = {isa = PBXBuildFile; fileRef = 779EC79D1E1956CE005B58F1 /* CalendarGenerator.swift */; };
		779EC79F1E1956CE005B58F1 /* CalendarGenerator.swift in Sources */ = {isa = PBXBuildFile; fileRef = 779EC79D1E1956CE005B58F1 /* CalendarGenerator.swift */; };
		779EC7A41E196940005B58F1 /* ICalendar.swift in Sources */ = {isa = PBXBuildFile; fileRef = 779EC7A31E196940005B58F1 /* ICalendar.swift */; };
		779EC7A51E196940005B58F1 /* ICalendar.swift in Sources */ = {isa = PBXBuildFile; fileRef = 779EC7A31E196940005B58F1 /* ICalendar.swift */; };
		779EC7A71E1A60F4005B58F1 /* Event.swift in Sources */ = {isa = PBXBuildFile; fileRef = 779EC7A61E1A60F4005B58F1 /* Event.swift */; };
		779EC7A81E1A60F4005B58F1 /* Event.swift in Sources */ = {isa = PBXBuildFile; fileRef = 779EC7A61E1A60F4005B58F1 /* Event.swift */; };
		77A778FF1DE1C90B00CB9950 /* ScanningIterator.swift in Sources */ = {isa = PBXBuildFile; fileRef = 77A778FE1DE1C90B00CB9950 /* ScanningIterator.swift */; };
		77A779001DE1C90B00CB9950 /* ScanningIterator.swift in Sources */ = {isa = PBXBuildFile; fileRef = 77A778FE1DE1C90B00CB9950 /* ScanningIterator.swift */; };
		77C02CFF1E144D1900258B93 /* ElementName.swift in Sources */ = {isa = PBXBuildFile; fileRef = 77C02CFE1E144D1800258B93 /* ElementName.swift */; };
		77C02D001E144D1900258B93 /* ElementName.swift in Sources */ = {isa = PBXBuildFile; fileRef = 77C02CFE1E144D1800258B93 /* ElementName.swift */; };
		77C02D021E14745200258B93 /* DefaultRule.swift in Sources */ = {isa = PBXBuildFile; fileRef = 77C02D011E14745200258B93 /* DefaultRule.swift */; };
		77C02D031E14745200258B93 /* DefaultRule.swift in Sources */ = {isa = PBXBuildFile; fileRef = 77C02D011E14745200258B93 /* DefaultRule.swift */; };
		77C02D051E1478ED00258B93 /* RuleSet.swift in Sources */ = {isa = PBXBuildFile; fileRef = 77C02D041E1478ED00258B93 /* RuleSet.swift */; };
		77C02D061E1478ED00258B93 /* RuleSet.swift in Sources */ = {isa = PBXBuildFile; fileRef = 77C02D041E1478ED00258B93 /* RuleSet.swift */; };
		77C02D081E1529FE00258B93 /* DefaultRuleTests.swift in Sources */ = {isa = PBXBuildFile; fileRef = 77C02D071E1529FE00258B93 /* DefaultRuleTests.swift */; };
/* End PBXBuildFile section */

/* Begin PBXContainerItemProxy section */
		775558271DD7520900BA9027 /* PBXContainerItemProxy */ = {
			isa = PBXContainerItemProxy;
			containerPortal = 775558131DD7520900BA9027 /* Project object */;
			proxyType = 1;
			remoteGlobalIDString = 7755581B1DD7520900BA9027;
			remoteInfo = iCalendarParser;
		};
/* End PBXContainerItemProxy section */

/* Begin PBXFileReference section */
		7702F8841E0560D700A65939 /* TokenTests.swift */ = {isa = PBXFileReference; fileEncoding = 4; lastKnownFileType = sourcecode.swift; name = TokenTests.swift; path = Common/TokenTests.swift; sourceTree = "<group>"; };
		7702F8891E07035A00A65939 /* ValueTypesTests.swift */ = {isa = PBXFileReference; fileEncoding = 4; lastKnownFileType = sourcecode.swift; name = ValueTypesTests.swift; path = ValueMappers/ValueTypesTests.swift; sourceTree = "<group>"; };
		7702F88B1E07504300A65939 /* StringUtilsTests.swift */ = {isa = PBXFileReference; fileEncoding = 4; lastKnownFileType = sourcecode.swift; name = StringUtilsTests.swift; path = Common/StringUtilsTests.swift; sourceTree = "<group>"; };
		77174F9C1E0D772600B8FF56 /* Result.swift */ = {isa = PBXFileReference; fileEncoding = 4; lastKnownFileType = sourcecode.swift; name = Result.swift; path = Common/Result.swift; sourceTree = "<group>"; };
		772298631E0D307000707204 /* DateMappers.swift */ = {isa = PBXFileReference; fileEncoding = 4; lastKnownFileType = sourcecode.swift; name = DateMappers.swift; path = ValueMappers/DateMappers.swift; sourceTree = "<group>"; };
		772298661E0D308A00707204 /* DateMappersTests.swift */ = {isa = PBXFileReference; fileEncoding = 4; lastKnownFileType = sourcecode.swift; name = DateMappersTests.swift; path = ValueMappers/DateMappersTests.swift; sourceTree = "<group>"; };
		7722986A1E0D3E7500707204 /* ValueMapper.swift */ = {isa = PBXFileReference; fileEncoding = 4; lastKnownFileType = sourcecode.swift; name = ValueMapper.swift; path = ValueMappers/ValueMapper.swift; sourceTree = "<group>"; };
		7722986D1E0D3ED600707204 /* ValueMapperTests.swift */ = {isa = PBXFileReference; fileEncoding = 4; lastKnownFileType = sourcecode.swift; name = ValueMapperTests.swift; path = ValueMappers/ValueMapperTests.swift; sourceTree = "<group>"; };
		7722986F1E0D3F3D00707204 /* BasicMappers.swift */ = {isa = PBXFileReference; fileEncoding = 4; lastKnownFileType = sourcecode.swift; name = BasicMappers.swift; path = ValueMappers/BasicMappers.swift; sourceTree = "<group>"; };
		772298721E0D3F7500707204 /* BasicMappersTests.swift */ = {isa = PBXFileReference; fileEncoding = 4; lastKnownFileType = sourcecode.swift; name = BasicMappersTests.swift; path = ValueMappers/BasicMappersTests.swift; sourceTree = "<group>"; };
		772298741E0D527300707204 /* DurationMapper.swift */ = {isa = PBXFileReference; fileEncoding = 4; lastKnownFileType = sourcecode.swift; name = DurationMapper.swift; path = ValueMappers/DurationMapper.swift; sourceTree = "<group>"; };
		772298771E0D52A800707204 /* DurationMapperTests.swift */ = {isa = PBXFileReference; fileEncoding = 4; lastKnownFileType = sourcecode.swift; name = DurationMapperTests.swift; path = ValueMappers/DurationMapperTests.swift; sourceTree = "<group>"; };
		772298791E0D54C500707204 /* DurationLexer.swift */ = {isa = PBXFileReference; fileEncoding = 4; lastKnownFileType = sourcecode.swift; path = DurationLexer.swift; sourceTree = "<group>"; };
		7722987C1E0D54DB00707204 /* DurationLexerTests.swift */ = {isa = PBXFileReference; fileEncoding = 4; lastKnownFileType = sourcecode.swift; path = DurationLexerTests.swift; sourceTree = "<group>"; };
		773880E21DEB0FFB00746CC8 /* ScanningIteratorTests.swift */ = {isa = PBXFileReference; fileEncoding = 4; lastKnownFileType = sourcecode.swift; path = ScanningIteratorTests.swift; sourceTree = "<group>"; };
		773880E41DF415CA00746CC8 /* ASTGenerator.swift */ = {isa = PBXFileReference; fileEncoding = 4; lastKnownFileType = sourcecode.swift; path = ASTGenerator.swift; sourceTree = "<group>"; };
		773880E71DF415F900746CC8 /* ASTGeneratorTests.swift */ = {isa = PBXFileReference; fileEncoding = 4; lastKnownFileType = sourcecode.swift; path = ASTGeneratorTests.swift; sourceTree = "<group>"; };
		773880E91DF4163D00746CC8 /* Rules.swift */ = {isa = PBXFileReference; fileEncoding = 4; lastKnownFileType = sourcecode.swift; path = Rules.swift; sourceTree = "<group>"; };
		773880EC1DF445DA00746CC8 /* RulesTests.swift */ = {isa = PBXFileReference; fileEncoding = 4; lastKnownFileType = sourcecode.swift; path = RulesTests.swift; sourceTree = "<group>"; };
		7755581C1DD7520900BA9027 /* iCalendarParser.framework */ = {isa = PBXFileReference; explicitFileType = wrapper.framework; includeInIndex = 0; path = iCalendarParser.framework; sourceTree = BUILT_PRODUCTS_DIR; };
		7755581F1DD7520900BA9027 /* iCalendarParser.h */ = {isa = PBXFileReference; lastKnownFileType = sourcecode.c.h; path = iCalendarParser.h; sourceTree = "<group>"; };
		775558201DD7520900BA9027 /* Info.plist */ = {isa = PBXFileReference; lastKnownFileType = text.plist.xml; path = Info.plist; sourceTree = "<group>"; };
		775558251DD7520900BA9027 /* iCalendarParserTests.xctest */ = {isa = PBXFileReference; explicitFileType = wrapper.cfbundle; includeInIndex = 0; path = iCalendarParserTests.xctest; sourceTree = BUILT_PRODUCTS_DIR; };
		7755582C1DD7520900BA9027 /* Info.plist */ = {isa = PBXFileReference; lastKnownFileType = text.plist.xml; path = Info.plist; sourceTree = "<group>"; };
		775558361DD7532500BA9027 /* Lexer.swift */ = {isa = PBXFileReference; fileEncoding = 4; lastKnownFileType = sourcecode.swift; path = Lexer.swift; sourceTree = "<group>"; };
		776F53311DFD3DD10011B55D /* ValueTypes.swift */ = {isa = PBXFileReference; fileEncoding = 4; lastKnownFileType = sourcecode.swift; name = ValueTypes.swift; path = ValueMappers/ValueTypes.swift; sourceTree = "<group>"; };
		77791CA21DD884E4003FD445 /* LexerTests.swift */ = {isa = PBXFileReference; fileEncoding = 4; lastKnownFileType = sourcecode.swift; path = LexerTests.swift; sourceTree = "<group>"; };
		778228F41E112B7A00B5C99C /* StringUtils.swift */ = {isa = PBXFileReference; fileEncoding = 4; lastKnownFileType = sourcecode.swift; name = StringUtils.swift; path = Common/StringUtils.swift; sourceTree = "<group>"; };
		778228F71E112B8400B5C99C /* Token.swift */ = {isa = PBXFileReference; fileEncoding = 4; lastKnownFileType = sourcecode.swift; name = Token.swift; path = Common/Token.swift; sourceTree = "<group>"; };
		778228FA1E112C9300B5C99C /* PeriodOfTimeMapper.swift */ = {isa = PBXFileReference; fileEncoding = 4; lastKnownFileType = sourcecode.swift; name = PeriodOfTimeMapper.swift; path = ValueMappers/PeriodOfTimeMapper.swift; sourceTree = "<group>"; };
		778228FD1E112CAE00B5C99C /* PeriodOfTimeMapperTests.swift */ = {isa = PBXFileReference; fileEncoding = 4; lastKnownFileType = sourcecode.swift; name = PeriodOfTimeMapperTests.swift; path = ValueMappers/PeriodOfTimeMapperTests.swift; sourceTree = "<group>"; };
		778228FF1E12703D00B5C99C /* DateUtils.swift */ = {isa = PBXFileReference; fileEncoding = 4; lastKnownFileType = sourcecode.swift; name = DateUtils.swift; path = Common/DateUtils.swift; sourceTree = "<group>"; };
		779EC7801E17E860005B58F1 /* AssertionHelpers.swift */ = {isa = PBXFileReference; fileEncoding = 4; lastKnownFileType = sourcecode.swift; name = AssertionHelpers.swift; path = Common/AssertionHelpers.swift; sourceTree = "<group>"; };
		779EC7821E17E943005B58F1 /* Parser.swift */ = {isa = PBXFileReference; fileEncoding = 4; lastKnownFileType = sourcecode.swift; path = Parser.swift; sourceTree = "<group>"; };
		779EC7871E17EE56005B58F1 /* SimpleTests.swift */ = {isa = PBXFileReference; fileEncoding = 4; lastKnownFileType = sourcecode.swift; path = SimpleTests.swift; sourceTree = "<group>"; };
		779EC78F1E180A57005B58F1 /* simple.ics */ = {isa = PBXFileReference; fileEncoding = 4; lastKnownFileType = text; path = simple.ics; sourceTree = "<group>"; };
		779EC7971E1907FB005B58F1 /* Node.swift */ = {isa = PBXFileReference; fileEncoding = 4; lastKnownFileType = sourcecode.swift; name = Node.swift; path = Common/Node.swift; sourceTree = "<group>"; };
		779EC79A1E194933005B58F1 /* FileReader.swift */ = {isa = PBXFileReference; fileEncoding = 4; lastKnownFileType = sourcecode.swift; path = FileReader.swift; sourceTree = "<group>"; };
		779EC79D1E1956CE005B58F1 /* CalendarGenerator.swift */ = {isa = PBXFileReference; fileEncoding = 4; lastKnownFileType = sourcecode.swift; name = CalendarGenerator.swift; path = Calendar/CalendarGenerator.swift; sourceTree = "<group>"; };
		779EC7A31E196940005B58F1 /* ICalendar.swift */ = {isa = PBXFileReference; fileEncoding = 4; lastKnownFileType = sourcecode.swift; name = ICalendar.swift; path = Calendar/ICalendar.swift; sourceTree = "<group>"; };
		779EC7A61E1A60F4005B58F1 /* Event.swift */ = {isa = PBXFileReference; fileEncoding = 4; lastKnownFileType = sourcecode.swift; name = Event.swift; path = Calendar/Event.swift; sourceTree = "<group>"; };
		77A778FE1DE1C90B00CB9950 /* ScanningIterator.swift */ = {isa = PBXFileReference; fileEncoding = 4; lastKnownFileType = sourcecode.swift; path = ScanningIterator.swift; sourceTree = "<group>"; };
		77C02CFE1E144D1800258B93 /* ElementName.swift */ = {isa = PBXFileReference; fileEncoding = 4; lastKnownFileType = sourcecode.swift; path = ElementName.swift; sourceTree = "<group>"; };
		77C02D011E14745200258B93 /* DefaultRule.swift */ = {isa = PBXFileReference; fileEncoding = 4; lastKnownFileType = sourcecode.swift; path = DefaultRule.swift; sourceTree = "<group>"; };
		77C02D041E1478ED00258B93 /* RuleSet.swift */ = {isa = PBXFileReference; fileEncoding = 4; lastKnownFileType = sourcecode.swift; path = RuleSet.swift; sourceTree = "<group>"; };
		77C02D071E1529FE00258B93 /* DefaultRuleTests.swift */ = {isa = PBXFileReference; fileEncoding = 4; lastKnownFileType = sourcecode.swift; path = DefaultRuleTests.swift; sourceTree = "<group>"; };
/* End PBXFileReference section */

/* Begin PBXFrameworksBuildPhase section */
		775558181DD7520900BA9027 /* Frameworks */ = {
			isa = PBXFrameworksBuildPhase;
			buildActionMask = 2147483647;
			files = (
			);
			runOnlyForDeploymentPostprocessing = 0;
		};
		775558221DD7520900BA9027 /* Frameworks */ = {
			isa = PBXFrameworksBuildPhase;
			buildActionMask = 2147483647;
			files = (
				775558261DD7520900BA9027 /* iCalendarParser.framework in Frameworks */,
			);
			runOnlyForDeploymentPostprocessing = 0;
		};
/* End PBXFrameworksBuildPhase section */

/* Begin PBXGroup section */
		77174F9B1E0D76F200B8FF56 /* Common */ = {
			isa = PBXGroup;
			children = (
				77174F9C1E0D772600B8FF56 /* Result.swift */,
				778228F41E112B7A00B5C99C /* StringUtils.swift */,
				778228F71E112B8400B5C99C /* Token.swift */,
				779EC7971E1907FB005B58F1 /* Node.swift */,
			);
			name = Common;
			sourceTree = "<group>";
		};
		775558121DD7520900BA9027 = {
			isa = PBXGroup;
			children = (
				7755581E1DD7520900BA9027 /* iCalendarParser */,
				775558291DD7520900BA9027 /* iCalendarParserTests */,
				7755581D1DD7520900BA9027 /* Products */,
			);
			sourceTree = "<group>";
		};
		7755581D1DD7520900BA9027 /* Products */ = {
			isa = PBXGroup;
			children = (
				7755581C1DD7520900BA9027 /* iCalendarParser.framework */,
				775558251DD7520900BA9027 /* iCalendarParserTests.xctest */,
			);
			name = Products;
			sourceTree = "<group>";
		};
		7755581E1DD7520900BA9027 /* iCalendarParser */ = {
			isa = PBXGroup;
			children = (
				779EC79C1E195690005B58F1 /* Calendar */,
				77174F9B1E0D76F200B8FF56 /* Common */,
				776F53371DFD76090011B55D /* Lexer */,
				776F53361DFD75FE0011B55D /* ASTGenerator */,
				77C827B71E11284000B2B63F /* ValueMappers */,
				7755581F1DD7520900BA9027 /* iCalendarParser.h */,
				779EC7821E17E943005B58F1 /* Parser.swift */,
				775558201DD7520900BA9027 /* Info.plist */,
			);
			path = iCalendarParser;
			sourceTree = "<group>";
		};
		775558291DD7520900BA9027 /* iCalendarParserTests */ = {
			isa = PBXGroup;
			children = (
				779EC7851E17EDA7005B58F1 /* IntegrationTests */,
				77C827B81E11286A00B2B63F /* Common */,
				776F53391DFD7A6A0011B55D /* Lexer */,
				776F53381DFD7A620011B55D /* ASTGenerator */,
				77C827B91E11288900B2B63F /* ValueMappers */,
				7755582C1DD7520900BA9027 /* Info.plist */,
			);
			path = iCalendarParserTests;
			sourceTree = "<group>";
		};
		776F53361DFD75FE0011B55D /* ASTGenerator */ = {
			isa = PBXGroup;
			children = (
				77C02CFE1E144D1800258B93 /* ElementName.swift */,
				77C02D041E1478ED00258B93 /* RuleSet.swift */,
				773880E41DF415CA00746CC8 /* ASTGenerator.swift */,
				773880E91DF4163D00746CC8 /* Rules.swift */,
				77C02D011E14745200258B93 /* DefaultRule.swift */,
			);
			path = ASTGenerator;
			sourceTree = "<group>";
		};
		776F53371DFD76090011B55D /* Lexer */ = {
			isa = PBXGroup;
			children = (
				77A778FE1DE1C90B00CB9950 /* ScanningIterator.swift */,
				775558361DD7532500BA9027 /* Lexer.swift */,
				772298791E0D54C500707204 /* DurationLexer.swift */,
			);
			path = Lexer;
			sourceTree = "<group>";
		};
		776F53381DFD7A620011B55D /* ASTGenerator */ = {
			isa = PBXGroup;
			children = (
				773880E71DF415F900746CC8 /* ASTGeneratorTests.swift */,
				773880EC1DF445DA00746CC8 /* RulesTests.swift */,
				77C02D071E1529FE00258B93 /* DefaultRuleTests.swift */,
			);
			path = ASTGenerator;
			sourceTree = "<group>";
		};
		776F53391DFD7A6A0011B55D /* Lexer */ = {
			isa = PBXGroup;
			children = (
				773880E21DEB0FFB00746CC8 /* ScanningIteratorTests.swift */,
				77791CA21DD884E4003FD445 /* LexerTests.swift */,
				7722987C1E0D54DB00707204 /* DurationLexerTests.swift */,
			);
			path = Lexer;
			sourceTree = "<group>";
		};
		779EC7851E17EDA7005B58F1 /* IntegrationTests */ = {
			isa = PBXGroup;
			children = (
				779EC7861E17EDD0005B58F1 /* Files */,
				779EC7871E17EE56005B58F1 /* SimpleTests.swift */,
			);
			path = IntegrationTests;
			sourceTree = "<group>";
		};
		779EC7861E17EDD0005B58F1 /* Files */ = {
			isa = PBXGroup;
			children = (
				779EC78F1E180A57005B58F1 /* simple.ics */,
				779EC79A1E194933005B58F1 /* FileReader.swift */,
			);
			path = Files;
			sourceTree = "<group>";
		};
		779EC79C1E195690005B58F1 /* Calendar */ = {
			isa = PBXGroup;
			children = (
				779EC79D1E1956CE005B58F1 /* CalendarGenerator.swift */,
				779EC7A31E196940005B58F1 /* ICalendar.swift */,
				779EC7A61E1A60F4005B58F1 /* Event.swift */,
			);
			name = Calendar;
			sourceTree = "<group>";
		};
		77C827B71E11284000B2B63F /* ValueMappers */ = {
			isa = PBXGroup;
			children = (
				776F53311DFD3DD10011B55D /* ValueTypes.swift */,
				7722986A1E0D3E7500707204 /* ValueMapper.swift */,
				7722986F1E0D3F3D00707204 /* BasicMappers.swift */,
				772298631E0D307000707204 /* DateMappers.swift */,
				772298741E0D527300707204 /* DurationMapper.swift */,
				778228FA1E112C9300B5C99C /* PeriodOfTimeMapper.swift */,
			);
			name = ValueMappers;
			sourceTree = "<group>";
		};
		77C827B81E11286A00B2B63F /* Common */ = {
			isa = PBXGroup;
			children = (
				779EC7801E17E860005B58F1 /* AssertionHelpers.swift */,
				7702F88B1E07504300A65939 /* StringUtilsTests.swift */,
				7702F8841E0560D700A65939 /* TokenTests.swift */,
				778228FF1E12703D00B5C99C /* DateUtils.swift */,
			);
			name = Common;
			sourceTree = "<group>";
		};
		77C827B91E11288900B2B63F /* ValueMappers */ = {
			isa = PBXGroup;
			children = (
				7702F8891E07035A00A65939 /* ValueTypesTests.swift */,
				7722986D1E0D3ED600707204 /* ValueMapperTests.swift */,
				772298721E0D3F7500707204 /* BasicMappersTests.swift */,
				772298661E0D308A00707204 /* DateMappersTests.swift */,
				772298771E0D52A800707204 /* DurationMapperTests.swift */,
				778228FD1E112CAE00B5C99C /* PeriodOfTimeMapperTests.swift */,
			);
			name = ValueMappers;
			sourceTree = "<group>";
		};
/* End PBXGroup section */

/* Begin PBXHeadersBuildPhase section */
		775558191DD7520900BA9027 /* Headers */ = {
			isa = PBXHeadersBuildPhase;
			buildActionMask = 2147483647;
			files = (
				7755582D1DD7520900BA9027 /* iCalendarParser.h in Headers */,
			);
			runOnlyForDeploymentPostprocessing = 0;
		};
/* End PBXHeadersBuildPhase section */

/* Begin PBXNativeTarget section */
		7755581B1DD7520900BA9027 /* iCalendarParser */ = {
			isa = PBXNativeTarget;
			buildConfigurationList = 775558301DD7520900BA9027 /* Build configuration list for PBXNativeTarget "iCalendarParser" */;
			buildPhases = (
				775558171DD7520900BA9027 /* Sources */,
				775558181DD7520900BA9027 /* Frameworks */,
				775558191DD7520900BA9027 /* Headers */,
				7755581A1DD7520900BA9027 /* Resources */,
			);
			buildRules = (
			);
			dependencies = (
			);
			name = iCalendarParser;
			productName = iCalendarParser;
			productReference = 7755581C1DD7520900BA9027 /* iCalendarParser.framework */;
			productType = "com.apple.product-type.framework";
		};
		775558241DD7520900BA9027 /* iCalendarParserTests */ = {
			isa = PBXNativeTarget;
			buildConfigurationList = 775558331DD7520900BA9027 /* Build configuration list for PBXNativeTarget "iCalendarParserTests" */;
			buildPhases = (
				775558211DD7520900BA9027 /* Sources */,
				775558221DD7520900BA9027 /* Frameworks */,
				775558231DD7520900BA9027 /* Resources */,
			);
			buildRules = (
			);
			dependencies = (
				775558281DD7520900BA9027 /* PBXTargetDependency */,
			);
			name = iCalendarParserTests;
			productName = iCalendarParserTests;
			productReference = 775558251DD7520900BA9027 /* iCalendarParserTests.xctest */;
			productType = "com.apple.product-type.bundle.unit-test";
		};
/* End PBXNativeTarget section */

/* Begin PBXProject section */
		775558131DD7520900BA9027 /* Project object */ = {
			isa = PBXProject;
			attributes = {
				LastSwiftUpdateCheck = 0810;
				LastUpgradeCheck = 0810;
				ORGANIZATIONNAME = "Kerem Karatal";
				TargetAttributes = {
					7755581B1DD7520900BA9027 = {
						CreatedOnToolsVersion = 8.1;
						DevelopmentTeam = H3SK7SL63G;
						LastSwiftMigration = 0810;
						ProvisioningStyle = Automatic;
					};
					775558241DD7520900BA9027 = {
						CreatedOnToolsVersion = 8.1;
						DevelopmentTeam = H3SK7SL63G;
						ProvisioningStyle = Automatic;
					};
				};
			};
			buildConfigurationList = 775558161DD7520900BA9027 /* Build configuration list for PBXProject "iCalendarParser" */;
			compatibilityVersion = "Xcode 3.2";
			developmentRegion = English;
			hasScannedForEncodings = 0;
			knownRegions = (
				en,
			);
			mainGroup = 775558121DD7520900BA9027;
			productRefGroup = 7755581D1DD7520900BA9027 /* Products */;
			projectDirPath = "";
			projectRoot = "";
			targets = (
				7755581B1DD7520900BA9027 /* iCalendarParser */,
				775558241DD7520900BA9027 /* iCalendarParserTests */,
			);
		};
/* End PBXProject section */

/* Begin PBXResourcesBuildPhase section */
		7755581A1DD7520900BA9027 /* Resources */ = {
			isa = PBXResourcesBuildPhase;
			buildActionMask = 2147483647;
			files = (
				779EC7901E180A57005B58F1 /* simple.ics in Resources */,
			);
			runOnlyForDeploymentPostprocessing = 0;
		};
		775558231DD7520900BA9027 /* Resources */ = {
			isa = PBXResourcesBuildPhase;
			buildActionMask = 2147483647;
			files = (
				779EC7911E180A57005B58F1 /* simple.ics in Resources */,
			);
			runOnlyForDeploymentPostprocessing = 0;
		};
/* End PBXResourcesBuildPhase section */

/* Begin PBXSourcesBuildPhase section */
		775558171DD7520900BA9027 /* Sources */ = {
			isa = PBXSourcesBuildPhase;
			buildActionMask = 2147483647;
			files = (
				775558371DD7532500BA9027 /* Lexer.swift in Sources */,
				77C02D051E1478ED00258B93 /* RuleSet.swift in Sources */,
				776F53321DFD3DD10011B55D /* ValueTypes.swift in Sources */,
				772298701E0D3F3D00707204 /* BasicMappers.swift in Sources */,
				779EC79E1E1956CE005B58F1 /* CalendarGenerator.swift in Sources */,
				773880EA1DF4163D00746CC8 /* Rules.swift in Sources */,
				772298641E0D307000707204 /* DateMappers.swift in Sources */,
				77C02CFF1E144D1900258B93 /* ElementName.swift in Sources */,
				779EC7A71E1A60F4005B58F1 /* Event.swift in Sources */,
				77174F9D1E0D772600B8FF56 /* Result.swift in Sources */,
				77A778FF1DE1C90B00CB9950 /* ScanningIterator.swift in Sources */,
				778228F81E112B8400B5C99C /* Token.swift in Sources */,
				773880E51DF415CA00746CC8 /* ASTGenerator.swift in Sources */,
				779EC7981E1907FB005B58F1 /* Node.swift in Sources */,
				778228F51E112B7A00B5C99C /* StringUtils.swift in Sources */,
				7722987A1E0D54C500707204 /* DurationLexer.swift in Sources */,
				77C02D021E14745200258B93 /* DefaultRule.swift in Sources */,
				778228FB1E112C9300B5C99C /* PeriodOfTimeMapper.swift in Sources */,
				779EC7831E17E943005B58F1 /* Parser.swift in Sources */,
				778229001E12703D00B5C99C /* DateUtils.swift in Sources */,
				7722986B1E0D3E7500707204 /* ValueMapper.swift in Sources */,
				779EC7A41E196940005B58F1 /* ICalendar.swift in Sources */,
				772298751E0D527300707204 /* DurationMapper.swift in Sources */,
			);
			runOnlyForDeploymentPostprocessing = 0;
		};
		775558211DD7520900BA9027 /* Sources */ = {
			isa = PBXSourcesBuildPhase;
			buildActionMask = 2147483647;
			files = (
				7722986C1E0D3E7500707204 /* ValueMapper.swift in Sources */,
				779EC79F1E1956CE005B58F1 /* CalendarGenerator.swift in Sources */,
				779EC7881E17EE56005B58F1 /* SimpleTests.swift in Sources */,
				779EC79B1E194933005B58F1 /* FileReader.swift in Sources */,
				779EC7A51E196940005B58F1 /* ICalendar.swift in Sources */,
				773880E31DEB0FFB00746CC8 /* ScanningIteratorTests.swift in Sources */,
				779EC7991E1907FB005B58F1 /* Node.swift in Sources */,
				77C02D001E144D1900258B93 /* ElementName.swift in Sources */,
				772298671E0D308A00707204 /* DateMappersTests.swift in Sources */,
				779EC7811E17E860005B58F1 /* AssertionHelpers.swift in Sources */,
				772298761E0D527300707204 /* DurationMapper.swift in Sources */,
				778228FE1E112CAE00B5C99C /* PeriodOfTimeMapperTests.swift in Sources */,
				7722987D1E0D54DB00707204 /* DurationLexerTests.swift in Sources */,
				773880ED1DF445DA00746CC8 /* RulesTests.swift in Sources */,
				7702F88A1E07035A00A65939 /* ValueTypesTests.swift in Sources */,
				7722987B1E0D54C500707204 /* DurationLexer.swift in Sources */,
				778229011E12703D00B5C99C /* DateUtils.swift in Sources */,
				77A779001DE1C90B00CB9950 /* ScanningIterator.swift in Sources */,
				7702F88C1E07504300A65939 /* StringUtilsTests.swift in Sources */,
				77C02D061E1478ED00258B93 /* RuleSet.swift in Sources */,
				7702F8851E0560D700A65939 /* TokenTests.swift in Sources */,
				772298651E0D307000707204 /* DateMappers.swift in Sources */,
				7722986E1E0D3ED600707204 /* ValueMapperTests.swift in Sources */,
				778228F91E112B8400B5C99C /* Token.swift in Sources */,
				779EC7A81E1A60F4005B58F1 /* Event.swift in Sources */,
				773880E81DF415F900746CC8 /* ASTGeneratorTests.swift in Sources */,
				773880E61DF415CA00746CC8 /* ASTGenerator.swift in Sources */,
				778228F61E112B7A00B5C99C /* StringUtils.swift in Sources */,
				772298731E0D3F7500707204 /* BasicMappersTests.swift in Sources */,
				772298781E0D52A800707204 /* DurationMapperTests.swift in Sources */,
				772298711E0D3F3D00707204 /* BasicMappers.swift in Sources */,
				77174F9E1E0D772600B8FF56 /* Result.swift in Sources */,
				77C02D081E1529FE00258B93 /* DefaultRuleTests.swift in Sources */,
				775558381DD7532500BA9027 /* Lexer.swift in Sources */,
				773880EB1DF4163D00746CC8 /* Rules.swift in Sources */,
				776F53331DFD3DD10011B55D /* ValueTypes.swift in Sources */,
				77791CA31DD884E4003FD445 /* LexerTests.swift in Sources */,
				77C02D031E14745200258B93 /* DefaultRule.swift in Sources */,
				779EC7841E17E943005B58F1 /* Parser.swift in Sources */,
				778228FC1E112C9300B5C99C /* PeriodOfTimeMapper.swift in Sources */,
			);
			runOnlyForDeploymentPostprocessing = 0;
		};
/* End PBXSourcesBuildPhase section */

/* Begin PBXTargetDependency section */
		775558281DD7520900BA9027 /* PBXTargetDependency */ = {
			isa = PBXTargetDependency;
			target = 7755581B1DD7520900BA9027 /* iCalendarParser */;
			targetProxy = 775558271DD7520900BA9027 /* PBXContainerItemProxy */;
		};
/* End PBXTargetDependency section */

/* Begin XCBuildConfiguration section */
		7755582E1DD7520900BA9027 /* Debug */ = {
			isa = XCBuildConfiguration;
			buildSettings = {
				ALWAYS_SEARCH_USER_PATHS = NO;
				CLANG_ANALYZER_NONNULL = YES;
				CLANG_CXX_LANGUAGE_STANDARD = "gnu++0x";
				CLANG_CXX_LIBRARY = "libc++";
				CLANG_ENABLE_MODULES = YES;
				CLANG_ENABLE_OBJC_ARC = YES;
				CLANG_WARN_BOOL_CONVERSION = YES;
				CLANG_WARN_CONSTANT_CONVERSION = YES;
				CLANG_WARN_DIRECT_OBJC_ISA_USAGE = YES_ERROR;
				CLANG_WARN_DOCUMENTATION_COMMENTS = YES;
				CLANG_WARN_EMPTY_BODY = YES;
				CLANG_WARN_ENUM_CONVERSION = YES;
				CLANG_WARN_INFINITE_RECURSION = YES;
				CLANG_WARN_INT_CONVERSION = YES;
				CLANG_WARN_OBJC_ROOT_CLASS = YES_ERROR;
				CLANG_WARN_SUSPICIOUS_MOVES = YES;
				CLANG_WARN_UNREACHABLE_CODE = YES;
				CLANG_WARN__DUPLICATE_METHOD_MATCH = YES;
				"CODE_SIGN_IDENTITY[sdk=iphoneos*]" = "iPhone Developer";
				COPY_PHASE_STRIP = NO;
				CURRENT_PROJECT_VERSION = 1;
				DEBUG_INFORMATION_FORMAT = dwarf;
				ENABLE_STRICT_OBJC_MSGSEND = YES;
				ENABLE_TESTABILITY = YES;
				GCC_C_LANGUAGE_STANDARD = gnu99;
				GCC_DYNAMIC_NO_PIC = NO;
				GCC_NO_COMMON_BLOCKS = YES;
				GCC_OPTIMIZATION_LEVEL = 0;
				GCC_PREPROCESSOR_DEFINITIONS = (
					"DEBUG=1",
					"$(inherited)",
				);
				GCC_WARN_64_TO_32_BIT_CONVERSION = YES;
				GCC_WARN_ABOUT_RETURN_TYPE = YES_ERROR;
				GCC_WARN_UNDECLARED_SELECTOR = YES;
				GCC_WARN_UNINITIALIZED_AUTOS = YES_AGGRESSIVE;
				GCC_WARN_UNUSED_FUNCTION = YES;
				GCC_WARN_UNUSED_VARIABLE = YES;
				IPHONEOS_DEPLOYMENT_TARGET = 10.1;
				MTL_ENABLE_DEBUG_INFO = YES;
				ONLY_ACTIVE_ARCH = YES;
				SDKROOT = iphoneos;
				SWIFT_ACTIVE_COMPILATION_CONDITIONS = DEBUG;
				SWIFT_OPTIMIZATION_LEVEL = "-Onone";
				TARGETED_DEVICE_FAMILY = "1,2";
				VERSIONING_SYSTEM = "apple-generic";
				VERSION_INFO_PREFIX = "";
			};
			name = Debug;
		};
		7755582F1DD7520900BA9027 /* Release */ = {
			isa = XCBuildConfiguration;
			buildSettings = {
				ALWAYS_SEARCH_USER_PATHS = NO;
				CLANG_ANALYZER_NONNULL = YES;
				CLANG_CXX_LANGUAGE_STANDARD = "gnu++0x";
				CLANG_CXX_LIBRARY = "libc++";
				CLANG_ENABLE_MODULES = YES;
				CLANG_ENABLE_OBJC_ARC = YES;
				CLANG_WARN_BOOL_CONVERSION = YES;
				CLANG_WARN_CONSTANT_CONVERSION = YES;
				CLANG_WARN_DIRECT_OBJC_ISA_USAGE = YES_ERROR;
				CLANG_WARN_DOCUMENTATION_COMMENTS = YES;
				CLANG_WARN_EMPTY_BODY = YES;
				CLANG_WARN_ENUM_CONVERSION = YES;
				CLANG_WARN_INFINITE_RECURSION = YES;
				CLANG_WARN_INT_CONVERSION = YES;
				CLANG_WARN_OBJC_ROOT_CLASS = YES_ERROR;
				CLANG_WARN_SUSPICIOUS_MOVES = YES;
				CLANG_WARN_UNREACHABLE_CODE = YES;
				CLANG_WARN__DUPLICATE_METHOD_MATCH = YES;
				"CODE_SIGN_IDENTITY[sdk=iphoneos*]" = "iPhone Developer";
				COPY_PHASE_STRIP = NO;
				CURRENT_PROJECT_VERSION = 1;
				DEBUG_INFORMATION_FORMAT = "dwarf-with-dsym";
				ENABLE_NS_ASSERTIONS = NO;
				ENABLE_STRICT_OBJC_MSGSEND = YES;
				GCC_C_LANGUAGE_STANDARD = gnu99;
				GCC_NO_COMMON_BLOCKS = YES;
				GCC_WARN_64_TO_32_BIT_CONVERSION = YES;
				GCC_WARN_ABOUT_RETURN_TYPE = YES_ERROR;
				GCC_WARN_UNDECLARED_SELECTOR = YES;
				GCC_WARN_UNINITIALIZED_AUTOS = YES_AGGRESSIVE;
				GCC_WARN_UNUSED_FUNCTION = YES;
				GCC_WARN_UNUSED_VARIABLE = YES;
				IPHONEOS_DEPLOYMENT_TARGET = 10.1;
				MTL_ENABLE_DEBUG_INFO = NO;
				SDKROOT = iphoneos;
				SWIFT_OPTIMIZATION_LEVEL = "-Owholemodule";
				TARGETED_DEVICE_FAMILY = "1,2";
				VALIDATE_PRODUCT = YES;
				VERSIONING_SYSTEM = "apple-generic";
				VERSION_INFO_PREFIX = "";
			};
			name = Release;
		};
		775558311DD7520900BA9027 /* Debug */ = {
			isa = XCBuildConfiguration;
			buildSettings = {
				CLANG_ENABLE_MODULES = YES;
				CODE_SIGN_IDENTITY = "";
				DEFINES_MODULE = YES;
				DEVELOPMENT_TEAM = H3SK7SL63G;
				DYLIB_COMPATIBILITY_VERSION = 1;
				DYLIB_CURRENT_VERSION = 1;
				DYLIB_INSTALL_NAME_BASE = "@rpath";
				INFOPLIST_FILE = iCalendarParser/Info.plist;
				INSTALL_PATH = "$(LOCAL_LIBRARY_DIR)/Frameworks";
				LD_RUNPATH_SEARCH_PATHS = "$(inherited) @executable_path/Frameworks @loader_path/Frameworks";
				PRODUCT_BUNDLE_IDENTIFIER = com.codingventures.iCalendarParser;
				PRODUCT_NAME = "$(TARGET_NAME)";
				SKIP_INSTALL = YES;
				SWIFT_OPTIMIZATION_LEVEL = "-Onone";
				SWIFT_VERSION = 3.0;
			};
			name = Debug;
		};
		775558321DD7520900BA9027 /* Release */ = {
			isa = XCBuildConfiguration;
			buildSettings = {
				CLANG_ENABLE_MODULES = YES;
				CODE_SIGN_IDENTITY = "";
				DEFINES_MODULE = YES;
				DEVELOPMENT_TEAM = H3SK7SL63G;
				DYLIB_COMPATIBILITY_VERSION = 1;
				DYLIB_CURRENT_VERSION = 1;
				DYLIB_INSTALL_NAME_BASE = "@rpath";
				INFOPLIST_FILE = iCalendarParser/Info.plist;
				INSTALL_PATH = "$(LOCAL_LIBRARY_DIR)/Frameworks";
				LD_RUNPATH_SEARCH_PATHS = "$(inherited) @executable_path/Frameworks @loader_path/Frameworks";
				PRODUCT_BUNDLE_IDENTIFIER = com.codingventures.iCalendarParser;
				PRODUCT_NAME = "$(TARGET_NAME)";
				SKIP_INSTALL = YES;
				SWIFT_VERSION = 3.0;
			};
			name = Release;
		};
		775558341DD7520900BA9027 /* Debug */ = {
			isa = XCBuildConfiguration;
			buildSettings = {
				ALWAYS_EMBED_SWIFT_STANDARD_LIBRARIES = YES;
				DEVELOPMENT_TEAM = H3SK7SL63G;
				INFOPLIST_FILE = iCalendarParserTests/Info.plist;
				LD_RUNPATH_SEARCH_PATHS = "$(inherited) @executable_path/Frameworks @loader_path/Frameworks";
				PRODUCT_BUNDLE_IDENTIFIER = com.codingventures.iCalendarParserTests;
				PRODUCT_NAME = "$(TARGET_NAME)";
				SWIFT_VERSION = 3.0;
			};
			name = Debug;
		};
		775558351DD7520900BA9027 /* Release */ = {
			isa = XCBuildConfiguration;
			buildSettings = {
				ALWAYS_EMBED_SWIFT_STANDARD_LIBRARIES = YES;
				DEVELOPMENT_TEAM = H3SK7SL63G;
				INFOPLIST_FILE = iCalendarParserTests/Info.plist;
				LD_RUNPATH_SEARCH_PATHS = "$(inherited) @executable_path/Frameworks @loader_path/Frameworks";
				PRODUCT_BUNDLE_IDENTIFIER = com.codingventures.iCalendarParserTests;
				PRODUCT_NAME = "$(TARGET_NAME)";
				SWIFT_VERSION = 3.0;
			};
			name = Release;
		};
/* End XCBuildConfiguration section */

/* Begin XCConfigurationList section */
		775558161DD7520900BA9027 /* Build configuration list for PBXProject "iCalendarParser" */ = {
			isa = XCConfigurationList;
			buildConfigurations = (
				7755582E1DD7520900BA9027 /* Debug */,
				7755582F1DD7520900BA9027 /* Release */,
			);
			defaultConfigurationIsVisible = 0;
			defaultConfigurationName = Release;
		};
		775558301DD7520900BA9027 /* Build configuration list for PBXNativeTarget "iCalendarParser" */ = {
			isa = XCConfigurationList;
			buildConfigurations = (
				775558311DD7520900BA9027 /* Debug */,
				775558321DD7520900BA9027 /* Release */,
			);
			defaultConfigurationIsVisible = 0;
			defaultConfigurationName = Release;
		};
		775558331DD7520900BA9027 /* Build configuration list for PBXNativeTarget "iCalendarParserTests" */ = {
			isa = XCConfigurationList;
			buildConfigurations = (
				775558341DD7520900BA9027 /* Debug */,
				775558351DD7520900BA9027 /* Release */,
			);
			defaultConfigurationIsVisible = 0;
			defaultConfigurationName = Release;
		};
/* End XCConfigurationList section */
	};
	rootObject = 775558131DD7520900BA9027 /* Project object */;
}
